
Microsoft Visual Studio Solution File, Format Version 12.00
# Visual Studio 14
VisualStudioVersion = 14.0.23107.0
MinimumVisualStudioVersion = 10.0.40219.1
Project("{F184B08F-C81C-45F6-A57F-5ABD9991F28F}") = "g10phPDF", "g10phPDF.vbproj", "{194CEE63-95AC-4211-B708-A398E2595B08}"
EndProject
Project("{F184B08F-C81C-45F6-A57F-5ABD9991F28F}") = "g10Map", "..\g10Map\g10Map.vbproj", "{9DBE5C25-E949-4398-A92D-052E75A96305}"
EndProject
Global
	GlobalSection(SolutionConfigurationPlatforms) = preSolution
		Debug|Any CPU = Debug|Any CPU
		Release|Any CPU = Release|Any CPU
	EndGlobalSection
	GlobalSection(ProjectConfigurationPlatforms) = postSolution
		{194CEE63-95AC-4211-B708-A398E2595B08}.Debug|Any CPU.ActiveCfg = Debug|Any CPU
		{194CEE63-95AC-4211-B708-A398E2595B08}.Debug|Any CPU.Build.0 = Debug|Any CPU
		{194CEE63-95AC-4211-B708-A398E2595B08}.Release|Any CPU.ActiveCfg = Release|Any CPU
		{194CEE63-95AC-4211-B708-A398E2595B08}.Release|Any CPU.Build.0 = Release|Any CPU
		{9DBE5C25-E949-4398-A92D-052E75A96305}.Debug|Any CPU.ActiveCfg = Debug|Any CPU
		{9DBE5C25-E949-4398-A92D-052E75A96305}.Debug|Any CPU.Build.0 = Debug|Any CPU
		{9DBE5C25-E949-4398-A92D-052E75A96305}.Release|Any CPU.ActiveCfg = Release|Any CPU
		{9DBE5C25-E949-4398-A92D-052E75A96305}.Release|Any CPU.Build.0 = Release|Any CPU
	EndGlobalSection
	GlobalSection(SolutionProperties) = preSolution
		HideSolutionNode = FALSE
	EndGlobalSection
EndGlobal
