Microsoft Visual Studio Solution File, Format Version 12.00
# Visual Studio Version 17
VisualStudioVersion = 17.5.2.0
MinimumVisualStudioVersion = 10.0.40219.1
Project("{FAE04EC0-301F-11D3-BF4B-00C04F79EFBC}") = "Autenticacao9Api", "Autenticacao9Api.csproj", "{5D607CEB-B12E-2E2F-19F4-602CEA2B58F9}"
EndProject
Global
	GlobalSection(SolutionConfigurationPlatforms) = preSolution
		Debug|Any CPU = Debug|Any CPU
		Release|Any CPU = Release|Any CPU
	EndGlobalSection
	GlobalSection(ProjectConfigurationPlatforms) = postSolution
		{5D607CEB-B12E-2E2F-19F4-602CEA2B58F9}.Debug|Any CPU.ActiveCfg = Debug|Any CPU
		{5D607CEB-B12E-2E2F-19F4-602CEA2B58F9}.Debug|Any CPU.Build.0 = Debug|Any CPU
		{5D607CEB-B12E-2E2F-19F4-602CEA2B58F9}.Release|Any CPU.ActiveCfg = Release|Any CPU
		{5D607CEB-B12E-2E2F-19F4-602CEA2B58F9}.Release|Any CPU.Build.0 = Release|Any CPU
	EndGlobalSection
	GlobalSection(SolutionProperties) = preSolution
		HideSolutionNode = FALSE
	EndGlobalSection
	GlobalSection(ExtensibilityGlobals) = postSolution
		SolutionGuid = {E557B0F4-B58D-4C02-BD34-EBC4000E387F}
	EndGlobalSection
EndGlobal
